
Microsoft Visual Studio Solution File, Format Version 12.00
# Visual Studio Version 17
VisualStudioVersion = 17.8.34330.188
MinimumVisualStudioVersion = 10.0.40219.1
Project("{FAE04EC0-301F-11D3-BF4B-00C04F79EFBC}") = "Sample", "Sample.csproj", "{42330D4A-9A00-4D8B-ADC4-DEBD8A164551}"
EndProject
Global
	GlobalSection(SolutionConfigurationPlatforms) = preSolution
		Debug|Any CPU = Debug|Any CPU
		Release|Any CPU = Release|Any CPU
	EndGlobalSection
	GlobalSection(ProjectConfigurationPlatforms) = postSolution
		{42330D4A-9A00-4D8B-ADC4-DEBD8A164551}.Debug|Any CPU.ActiveCfg = Debug|Any CPU
		{42330D4A-9A00-4D8B-ADC4-DEBD8A164551}.Debug|Any CPU.Build.0 = Debug|Any CPU
		{42330D4A-9A00-4D8B-ADC4-DEBD8A164551}.Release|Any CPU.ActiveCfg = Release|Any CPU
		{42330D4A-9A00-4D8B-ADC4-DEBD8A164551}.Release|Any CPU.Build.0 = Release|Any CPU
	EndGlobalSection
	GlobalSection(SolutionProperties) = preSolution
		HideSolutionNode = FALSE
	EndGlobalSection
	GlobalSection(ExtensibilityGlobals) = postSolution
		SolutionGuid = {92D5DF1E-6927-42F9-97DA-AAEFCC8F17C7}
	EndGlobalSection
EndGlobal
